
Microsoft Visual Studio Solution File, Format Version 12.00
# Visual Studio Version 17
VisualStudioVersion = 17.14.36202.13
MinimumVisualStudioVersion = 10.0.40219.1
Project("{FAE04EC0-301F-11D3-BF4B-00C04F79EFBC}") = "Episode006", "Episode006\Episode006.csproj", "{40A54E95-9BE7-4462-8EF6-5818E1342CDB}"
EndProject
Project("{FAE04EC0-301F-11D3-BF4B-00C04F79EFBC}") = "Episode007", "Episode007\Episode007.csproj", "{F6AF742D-5702-4AFB-B3CF-8B7091759CFC}"
EndProject
Project("{FAE04EC0-301F-11D3-BF4B-00C04F79EFBC}") = "Episode008", "Episode008\Episode008.csproj", "{43B7A495-B128-44A3-8955-6CDC6F08A3E0}"
EndProject
Project("{FAE04EC0-301F-11D3-BF4B-00C04F79EFBC}") = "Episode009", "Episode009\Episode009.csproj", "{AE016524-62EA-407B-8FF3-6EA72E3B3FA7}"
EndProject
Project("{FAE04EC0-301F-11D3-BF4B-00C04F79EFBC}") = "Episode011", "Episode011\Episode011.csproj", "{A10FF25B-F366-40F1-8C25-F415B2B72086}"
EndProject
Project("{FAE04EC0-301F-11D3-BF4B-00C04F79EFBC}") = "HomeWork001", "HomeWork001\HomeWork001.csproj", "{D1DBF6A9-0381-477C-AC86-48F876A1378D}"
EndProject
Project("{FAE04EC0-301F-11D3-BF4B-00C04F79EFBC}") = "Episode015", "Episode015\Episode015.csproj", "{58C33FFB-D49F-4D18-909A-242B1B3FC10B}"
EndProject
Project("{FAE04EC0-301F-11D3-BF4B-00C04F79EFBC}") = "Episode016", "Episode016\Episode016.csproj", "{FA1232AF-9164-4BBD-97E4-EA28601DE688}"
EndProject
Project("{FAE04EC0-301F-11D3-BF4B-00C04F79EFBC}") = "Episode017", "Episode017\Episode017.csproj", "{0CDE29D2-B0C0-421F-A324-EB4881AF4594}"
EndProject
Project("{FAE04EC0-301F-11D3-BF4B-00C04F79EFBC}") = "HomeWork002", "HomeWork002\HomeWork002.csproj", "{3C8F94E2-7434-4427-90D7-FF6B28498116}"
EndProject
Project("{FAE04EC0-301F-11D3-BF4B-00C04F79EFBC}") = "Episode018", "Episode018\Episode018.csproj", "{30A85539-5960-47A8-8C7F-699B80C0FD1E}"
EndProject
Project("{FAE04EC0-301F-11D3-BF4B-00C04F79EFBC}") = "Episode020", "Episode020\Episode020.csproj", "{B44F8715-5692-4D9B-9F2D-3D3417E1BAF4}"
EndProject
Project("{FAE04EC0-301F-11D3-BF4B-00C04F79EFBC}") = "HomeWork003", "HomeWork003\HomeWork003.csproj", "{E4005D50-FC6A-4C73-AF4A-E5CCE37F2746}"
EndProject
Project("{FAE04EC0-301F-11D3-BF4B-00C04F79EFBC}") = "Episode022", "Episode022\Episode022.csproj", "{8DE0EB98-3226-4E6D-BF6C-5D7B356FF6FB}"
EndProject
Project("{FAE04EC0-301F-11D3-BF4B-00C04F79EFBC}") = "HomeWork004", "HomeWork004\HomeWork004.csproj", "{7DD00EC5-2CB4-4059-8D67-A1C328516A6A}"
EndProject
Project("{FAE04EC0-301F-11D3-BF4B-00C04F79EFBC}") = "Episode023", "Episode023\Episode023.csproj", "{6BBD6366-7000-4647-A400-D8DF7CEF6C79}"
EndProject
Project("{FAE04EC0-301F-11D3-BF4B-00C04F79EFBC}") = "Episode025", "Episode025\Episode025.csproj", "{C927DEFF-D1C4-4BE7-9037-90C72F1BD416}"
EndProject
Project("{FAE04EC0-301F-11D3-BF4B-00C04F79EFBC}") = "Episode026", "Episode026\Episode026.csproj", "{FEFD7D6C-DEFD-41A2-ADEA-DB125418960E}"
EndProject
Project("{FAE04EC0-301F-11D3-BF4B-00C04F79EFBC}") = "Episode027", "Episode027\Episode027.csproj", "{D4FB7644-002B-41F0-A8E9-8543337B2756}"
EndProject
Project("{FAE04EC0-301F-11D3-BF4B-00C04F79EFBC}") = "Episode028", "Episode028\Episode028.csproj", "{59313F7E-703B-422C-A78B-7660E5565634}"
EndProject
Global
	GlobalSection(SolutionConfigurationPlatforms) = preSolution
		Debug|Any CPU = Debug|Any CPU
		Release|Any CPU = Release|Any CPU
	EndGlobalSection
	GlobalSection(ProjectConfigurationPlatforms) = postSolution
		{40A54E95-9BE7-4462-8EF6-5818E1342CDB}.Debug|Any CPU.ActiveCfg = Debug|Any CPU
		{40A54E95-9BE7-4462-8EF6-5818E1342CDB}.Debug|Any CPU.Build.0 = Debug|Any CPU
		{40A54E95-9BE7-4462-8EF6-5818E1342CDB}.Release|Any CPU.ActiveCfg = Release|Any CPU
		{40A54E95-9BE7-4462-8EF6-5818E1342CDB}.Release|Any CPU.Build.0 = Release|Any CPU
		{F6AF742D-5702-4AFB-B3CF-8B7091759CFC}.Debug|Any CPU.ActiveCfg = Debug|Any CPU
		{F6AF742D-5702-4AFB-B3CF-8B7091759CFC}.Debug|Any CPU.Build.0 = Debug|Any CPU
		{F6AF742D-5702-4AFB-B3CF-8B7091759CFC}.Release|Any CPU.ActiveCfg = Release|Any CPU
		{F6AF742D-5702-4AFB-B3CF-8B7091759CFC}.Release|Any CPU.Build.0 = Release|Any CPU
		{43B7A495-B128-44A3-8955-6CDC6F08A3E0}.Debug|Any CPU.ActiveCfg = Debug|Any CPU
		{43B7A495-B128-44A3-8955-6CDC6F08A3E0}.Debug|Any CPU.Build.0 = Debug|Any CPU
		{43B7A495-B128-44A3-8955-6CDC6F08A3E0}.Release|Any CPU.ActiveCfg = Release|Any CPU
		{43B7A495-B128-44A3-8955-6CDC6F08A3E0}.Release|Any CPU.Build.0 = Release|Any CPU
		{AE016524-62EA-407B-8FF3-6EA72E3B3FA7}.Debug|Any CPU.ActiveCfg = Debug|Any CPU
		{AE016524-62EA-407B-8FF3-6EA72E3B3FA7}.Debug|Any CPU.Build.0 = Debug|Any CPU
		{AE016524-62EA-407B-8FF3-6EA72E3B3FA7}.Release|Any CPU.ActiveCfg = Release|Any CPU
		{AE016524-62EA-407B-8FF3-6EA72E3B3FA7}.Release|Any CPU.Build.0 = Release|Any CPU
		{A10FF25B-F366-40F1-8C25-F415B2B72086}.Debug|Any CPU.ActiveCfg = Debug|Any CPU
		{A10FF25B-F366-40F1-8C25-F415B2B72086}.Debug|Any CPU.Build.0 = Debug|Any CPU
		{A10FF25B-F366-40F1-8C25-F415B2B72086}.Release|Any CPU.ActiveCfg = Release|Any CPU
		{A10FF25B-F366-40F1-8C25-F415B2B72086}.Release|Any CPU.Build.0 = Release|Any CPU
		{D1DBF6A9-0381-477C-AC86-48F876A1378D}.Debug|Any CPU.ActiveCfg = Debug|Any CPU
		{D1DBF6A9-0381-477C-AC86-48F876A1378D}.Debug|Any CPU.Build.0 = Debug|Any CPU
		{D1DBF6A9-0381-477C-AC86-48F876A1378D}.Release|Any CPU.ActiveCfg = Release|Any CPU
		{D1DBF6A9-0381-477C-AC86-48F876A1378D}.Release|Any CPU.Build.0 = Release|Any CPU
		{58C33FFB-D49F-4D18-909A-242B1B3FC10B}.Debug|Any CPU.ActiveCfg = Debug|Any CPU
		{58C33FFB-D49F-4D18-909A-242B1B3FC10B}.Debug|Any CPU.Build.0 = Debug|Any CPU
		{58C33FFB-D49F-4D18-909A-242B1B3FC10B}.Release|Any CPU.ActiveCfg = Release|Any CPU
		{58C33FFB-D49F-4D18-909A-242B1B3FC10B}.Release|Any CPU.Build.0 = Release|Any CPU
		{FA1232AF-9164-4BBD-97E4-EA28601DE688}.Debug|Any CPU.ActiveCfg = Debug|Any CPU
		{FA1232AF-9164-4BBD-97E4-EA28601DE688}.Debug|Any CPU.Build.0 = Debug|Any CPU
		{FA1232AF-9164-4BBD-97E4-EA28601DE688}.Release|Any CPU.ActiveCfg = Release|Any CPU
		{FA1232AF-9164-4BBD-97E4-EA28601DE688}.Release|Any CPU.Build.0 = Release|Any CPU
		{0CDE29D2-B0C0-421F-A324-EB4881AF4594}.Debug|Any CPU.ActiveCfg = Debug|Any CPU
		{0CDE29D2-B0C0-421F-A324-EB4881AF4594}.Debug|Any CPU.Build.0 = Debug|Any CPU
		{0CDE29D2-B0C0-421F-A324-EB4881AF4594}.Release|Any CPU.ActiveCfg = Release|Any CPU
		{0CDE29D2-B0C0-421F-A324-EB4881AF4594}.Release|Any CPU.Build.0 = Release|Any CPU
		{3C8F94E2-7434-4427-90D7-FF6B28498116}.Debug|Any CPU.ActiveCfg = Debug|Any CPU
		{3C8F94E2-7434-4427-90D7-FF6B28498116}.Debug|Any CPU.Build.0 = Debug|Any CPU
		{3C8F94E2-7434-4427-90D7-FF6B28498116}.Release|Any CPU.ActiveCfg = Release|Any CPU
		{3C8F94E2-7434-4427-90D7-FF6B28498116}.Release|Any CPU.Build.0 = Release|Any CPU
		{30A85539-5960-47A8-8C7F-699B80C0FD1E}.Debug|Any CPU.ActiveCfg = Debug|Any CPU
		{30A85539-5960-47A8-8C7F-699B80C0FD1E}.Debug|Any CPU.Build.0 = Debug|Any CPU
		{30A85539-5960-47A8-8C7F-699B80C0FD1E}.Release|Any CPU.ActiveCfg = Release|Any CPU
		{30A85539-5960-47A8-8C7F-699B80C0FD1E}.Release|Any CPU.Build.0 = Release|Any CPU
		{B44F8715-5692-4D9B-9F2D-3D3417E1BAF4}.Debug|Any CPU.ActiveCfg = Debug|Any CPU
		{B44F8715-5692-4D9B-9F2D-3D3417E1BAF4}.Debug|Any CPU.Build.0 = Debug|Any CPU
		{B44F8715-5692-4D9B-9F2D-3D3417E1BAF4}.Release|Any CPU.ActiveCfg = Release|Any CPU
		{B44F8715-5692-4D9B-9F2D-3D3417E1BAF4}.Release|Any CPU.Build.0 = Release|Any CPU
		{E4005D50-FC6A-4C73-AF4A-E5CCE37F2746}.Debug|Any CPU.ActiveCfg = Debug|Any CPU
		{E4005D50-FC6A-4C73-AF4A-E5CCE37F2746}.Debug|Any CPU.Build.0 = Debug|Any CPU
		{E4005D50-FC6A-4C73-AF4A-E5CCE37F2746}.Release|Any CPU.ActiveCfg = Release|Any CPU
		{E4005D50-FC6A-4C73-AF4A-E5CCE37F2746}.Release|Any CPU.Build.0 = Release|Any CPU
		{8DE0EB98-3226-4E6D-BF6C-5D7B356FF6FB}.Debug|Any CPU.ActiveCfg = Debug|Any CPU
		{8DE0EB98-3226-4E6D-BF6C-5D7B356FF6FB}.Debug|Any CPU.Build.0 = Debug|Any CPU
		{8DE0EB98-3226-4E6D-BF6C-5D7B356FF6FB}.Release|Any CPU.ActiveCfg = Release|Any CPU
		{8DE0EB98-3226-4E6D-BF6C-5D7B356FF6FB}.Release|Any CPU.Build.0 = Release|Any CPU
		{7DD00EC5-2CB4-4059-8D67-A1C328516A6A}.Debug|Any CPU.ActiveCfg = Debug|Any CPU
		{7DD00EC5-2CB4-4059-8D67-A1C328516A6A}.Debug|Any CPU.Build.0 = Debug|Any CPU
		{7DD00EC5-2CB4-4059-8D67-A1C328516A6A}.Release|Any CPU.ActiveCfg = Release|Any CPU
		{7DD00EC5-2CB4-4059-8D67-A1C328516A6A}.Release|Any CPU.Build.0 = Release|Any CPU
		{6BBD6366-7000-4647-A400-D8DF7CEF6C79}.Debug|Any CPU.ActiveCfg = Debug|Any CPU
		{6BBD6366-7000-4647-A400-D8DF7CEF6C79}.Debug|Any CPU.Build.0 = Debug|Any CPU
		{6BBD6366-7000-4647-A400-D8DF7CEF6C79}.Release|Any CPU.ActiveCfg = Release|Any CPU
		{6BBD6366-7000-4647-A400-D8DF7CEF6C79}.Release|Any CPU.Build.0 = Release|Any CPU
		{C927DEFF-D1C4-4BE7-9037-90C72F1BD416}.Debug|Any CPU.ActiveCfg = Debug|Any CPU
		{C927DEFF-D1C4-4BE7-9037-90C72F1BD416}.Debug|Any CPU.Build.0 = Debug|Any CPU
		{C927DEFF-D1C4-4BE7-9037-90C72F1BD416}.Release|Any CPU.ActiveCfg = Release|Any CPU
		{C927DEFF-D1C4-4BE7-9037-90C72F1BD416}.Release|Any CPU.Build.0 = Release|Any CPU
		{FEFD7D6C-DEFD-41A2-ADEA-DB125418960E}.Debug|Any CPU.ActiveCfg = Debug|Any CPU
		{FEFD7D6C-DEFD-41A2-ADEA-DB125418960E}.Debug|Any CPU.Build.0 = Debug|Any CPU
		{FEFD7D6C-DEFD-41A2-ADEA-DB125418960E}.Release|Any CPU.ActiveCfg = Release|Any CPU
		{FEFD7D6C-DEFD-41A2-ADEA-DB125418960E}.Release|Any CPU.Build.0 = Release|Any CPU
		{D4FB7644-002B-41F0-A8E9-8543337B2756}.Debug|Any CPU.ActiveCfg = Debug|Any CPU
		{D4FB7644-002B-41F0-A8E9-8543337B2756}.Debug|Any CPU.Build.0 = Debug|Any CPU
		{D4FB7644-002B-41F0-A8E9-8543337B2756}.Release|Any CPU.ActiveCfg = Release|Any CPU
		{D4FB7644-002B-41F0-A8E9-8543337B2756}.Release|Any CPU.Build.0 = Release|Any CPU
		{59313F7E-703B-422C-A78B-7660E5565634}.Debug|Any CPU.ActiveCfg = Debug|Any CPU
		{59313F7E-703B-422C-A78B-7660E5565634}.Debug|Any CPU.Build.0 = Debug|Any CPU
		{59313F7E-703B-422C-A78B-7660E5565634}.Release|Any CPU.ActiveCfg = Release|Any CPU
		{59313F7E-703B-422C-A78B-7660E5565634}.Release|Any CPU.Build.0 = Release|Any CPU
	EndGlobalSection
	GlobalSection(SolutionProperties) = preSolution
		HideSolutionNode = FALSE
	EndGlobalSection
	GlobalSection(ExtensibilityGlobals) = postSolution
		SolutionGuid = {063FA68A-39CB-4AD6-80FF-907ACF8DDAFF}
	EndGlobalSection
EndGlobal
