
Microsoft Visual Studio Solution File, Format Version 12.00
# Visual Studio Version 17
VisualStudioVersion = 17.14.36202.13
MinimumVisualStudioVersion = 10.0.40219.1
Project("{FAE04EC0-301F-11D3-BF4B-00C04F79EFBC}") = "Episode006", "Episode006\Episode006.csproj", "{40A54E95-9BE7-4462-8EF6-5818E1342CDB}"
EndProject
Project("{FAE04EC0-301F-11D3-BF4B-00C04F79EFBC}") = "Episode007", "Episode007\Episode007.csproj", "{F6AF742D-5702-4AFB-B3CF-8B7091759CFC}"
EndProject
Project("{FAE04EC0-301F-11D3-BF4B-00C04F79EFBC}") = "Episode008", "Episode008\Episode008.csproj", "{43B7A495-B128-44A3-8955-6CDC6F08A3E0}"
EndProject
Project("{FAE04EC0-301F-11D3-BF4B-00C04F79EFBC}") = "Episode009", "Episode009\Episode009.csproj", "{AE016524-62EA-407B-8FF3-6EA72E3B3FA7}"
EndProject
Project("{FAE04EC0-301F-11D3-BF4B-00C04F79EFBC}") = "Episode011", "Episode011\Episode011.csproj", "{A10FF25B-F366-40F1-8C25-F415B2B72086}"
EndProject
Project("{FAE04EC0-301F-11D3-BF4B-00C04F79EFBC}") = "HomeWork001", "HomeWork001\HomeWork001.csproj", "{D1DBF6A9-0381-477C-AC86-48F876A1378D}"
EndProject
Project("{FAE04EC0-301F-11D3-BF4B-00C04F79EFBC}") = "Episode015", "Episode015\Episode015.csproj", "{58C33FFB-D49F-4D18-909A-242B1B3FC10B}"
EndProject
Project("{FAE04EC0-301F-11D3-BF4B-00C04F79EFBC}") = "Episode016", "Episode016\Episode016.csproj", "{FA1232AF-9164-4BBD-97E4-EA28601DE688}"
EndProject
Project("{FAE04EC0-301F-11D3-BF4B-00C04F79EFBC}") = "Episode017", "Episode017\Episode017.csproj", "{0CDE29D2-B0C0-421F-A324-EB4881AF4594}"
EndProject
Project("{FAE04EC0-301F-11D3-BF4B-00C04F79EFBC}") = "HomeWork002", "HomeWork002\HomeWork002.csproj", "{3C8F94E2-7434-4427-90D7-FF6B28498116}"
EndProject
Project("{FAE04EC0-301F-11D3-BF4B-00C04F79EFBC}") = "Episode018", "Episode018\Episode018.csproj", "{30A85539-5960-47A8-8C7F-699B80C0FD1E}"
EndProject
Project("{FAE04EC0-301F-11D3-BF4B-00C04F79EFBC}") = "Episode020", "Episode020\Episode020.csproj", "{B44F8715-5692-4D9B-9F2D-3D3417E1BAF4}"
EndProject
Project("{FAE04EC0-301F-11D3-BF4B-00C04F79EFBC}") = "HomeWork003", "HomeWork003\HomeWork003.csproj", "{E4005D50-FC6A-4C73-AF4A-E5CCE37F2746}"
EndProject
Project("{FAE04EC0-301F-11D3-BF4B-00C04F79EFBC}") = "Episode022", "Episode022\Episode022.csproj", "{8DE0EB98-3226-4E6D-BF6C-5D7B356FF6FB}"
EndProject
Project("{FAE04EC0-301F-11D3-BF4B-00C04F79EFBC}") = "HomeWork004", "HomeWork004\HomeWork004.csproj", "{7DD00EC5-2CB4-4059-8D67-A1C328516A6A}"
EndProject
Project("{FAE04EC0-301F-11D3-BF4B-00C04F79EFBC}") = "Episode023", "Episode023\Episode023.csproj", "{6BBD6366-7000-4647-A400-D8DF7CEF6C79}"
EndProject
Project("{FAE04EC0-301F-11D3-BF4B-00C04F79EFBC}") = "Episode025", "Episode025\Episode025.csproj", "{C927DEFF-D1C4-4BE7-9037-90C72F1BD416}"
EndProject
Project("{FAE04EC0-301F-11D3-BF4B-00C04F79EFBC}") = "Episode026", "Episode026\Episode026.csproj", "{FEFD7D6C-DEFD-41A2-ADEA-DB125418960E}"
EndProject
Project("{FAE04EC0-301F-11D3-BF4B-00C04F79EFBC}") = "Episode027", "Episode027\Episode027.csproj", "{D4FB7644-002B-41F0-A8E9-8543337B2756}"
EndProject
Project("{FAE04EC0-301F-11D3-BF4B-00C04F79EFBC}") = "Episode028", "Episode028\Episode028.csproj", "{59313F7E-703B-422C-A78B-7660E5565634}"
EndProject
Project("{FAE04EC0-301F-11D3-BF4B-00C04F79EFBC}") = "Episode029", "Episode029\Episode029.csproj", "{94190875-6627-4B2E-A8AE-B2DE58606CED}"
EndProject
Project("{FAE04EC0-301F-11D3-BF4B-00C04F79EFBC}") = "HomeWork005", "HomeWork005\HomeWork005.csproj", "{BC8D56C2-4919-4ED1-957C-8A9D998EB222}"
EndProject
Project("{FAE04EC0-301F-11D3-BF4B-00C04F79EFBC}") = "Episode031", "Episode031\Episode031.csproj", "{B29E501D-D675-40FE-91DC-0AB4265CEE32}"
EndProject
Project("{FAE04EC0-301F-11D3-BF4B-00C04F79EFBC}") = "Episode032", "Episode032\Episode032.csproj", "{F3C7FD20-062A-493A-B308-A5ED69ED1571}"
EndProject
Project("{FAE04EC0-301F-11D3-BF4B-00C04F79EFBC}") = "Episode033", "Episode033\Episode033.csproj", "{CADB547A-01BE-4260-A83B-3BEAA1F07F66}"
EndProject
Project("{FAE04EC0-301F-11D3-BF4B-00C04F79EFBC}") = "Episode034", "Episode034\Episode034.csproj", "{C7F63CA4-DA77-4CC3-9E8B-883BBD02BBC6}"
EndProject
Project("{FAE04EC0-301F-11D3-BF4B-00C04F79EFBC}") = "HomeWork006", "HomeWork006\HomeWork006.csproj", "{9F659231-1631-48B1-8104-375999E1FFF9}"
EndProject
Project("{FAE04EC0-301F-11D3-BF4B-00C04F79EFBC}") = "Episode039", "Episode039\Episode039.csproj", "{9BC201A5-7E73-4FBB-A2B9-4FDD149237F6}"
EndProject
Project("{FAE04EC0-301F-11D3-BF4B-00C04F79EFBC}") = "Episode040", "Episode040\Episode040.csproj", "{D89FF9CB-72BF-4258-91C0-84A92423951A}"
EndProject
Project("{FAE04EC0-301F-11D3-BF4B-00C04F79EFBC}") = "Episode041", "Episode041\Episode041.csproj", "{1A6EBDF0-9B17-447B-9FF9-810614F98B50}"
EndProject
Project("{FAE04EC0-301F-11D3-BF4B-00C04F79EFBC}") = "Episode044", "Episode044\Episode044.csproj", "{B3C464DF-FCB8-4A93-9AD0-797A56FFAF77}"
EndProject
Project("{FAE04EC0-301F-11D3-BF4B-00C04F79EFBC}") = "Episode045", "Episode045\Episode045.csproj", "{E5FDC432-E832-4246-967C-E2D07004F87B}"
EndProject
Project("{FAE04EC0-301F-11D3-BF4B-00C04F79EFBC}") = "Episode046", "Episode046\Episode046.csproj", "{7C6F62F6-BFB1-4B16-8EED-782D117C72A4}"
EndProject
Project("{FAE04EC0-301F-11D3-BF4B-00C04F79EFBC}") = "Episode047", "Episode047\Episode047.csproj", "{E3508B6C-3D12-47ED-9974-8067CB44E5F4}"
EndProject
Project("{FAE04EC0-301F-11D3-BF4B-00C04F79EFBC}") = "HomeWork007", "HomeWork007\HomeWork007.csproj", "{C25FEE2D-C76C-4EF0-B3F4-5D6520E61144}"
EndProject
Project("{FAE04EC0-301F-11D3-BF4B-00C04F79EFBC}") = "Episode048", "Episode048\Episode048.csproj", "{DAA0DD49-6A2B-4AAA-860F-8CBEADEA0172}"
EndProject
Project("{FAE04EC0-301F-11D3-BF4B-00C04F79EFBC}") = "Episode051", "Episode051\Episode051.csproj", "{DB368F75-8E2A-4314-95A6-4EA98999321E}"
EndProject
Project("{FAE04EC0-301F-11D3-BF4B-00C04F79EFBC}") = "Episode052", "Episode052\Episode052.csproj", "{842C7DF2-87A4-4C37-AE2F-5FCDAFBF4B1A}"
EndProject
Global
	GlobalSection(SolutionConfigurationPlatforms) = preSolution
		Debug|Any CPU = Debug|Any CPU
		Release|Any CPU = Release|Any CPU
	EndGlobalSection
	GlobalSection(ProjectConfigurationPlatforms) = postSolution
		{40A54E95-9BE7-4462-8EF6-5818E1342CDB}.Debug|Any CPU.ActiveCfg = Debug|Any CPU
		{40A54E95-9BE7-4462-8EF6-5818E1342CDB}.Debug|Any CPU.Build.0 = Debug|Any CPU
		{40A54E95-9BE7-4462-8EF6-5818E1342CDB}.Release|Any CPU.ActiveCfg = Release|Any CPU
		{40A54E95-9BE7-4462-8EF6-5818E1342CDB}.Release|Any CPU.Build.0 = Release|Any CPU
		{F6AF742D-5702-4AFB-B3CF-8B7091759CFC}.Debug|Any CPU.ActiveCfg = Debug|Any CPU
		{F6AF742D-5702-4AFB-B3CF-8B7091759CFC}.Debug|Any CPU.Build.0 = Debug|Any CPU
		{F6AF742D-5702-4AFB-B3CF-8B7091759CFC}.Release|Any CPU.ActiveCfg = Release|Any CPU
		{F6AF742D-5702-4AFB-B3CF-8B7091759CFC}.Release|Any CPU.Build.0 = Release|Any CPU
		{43B7A495-B128-44A3-8955-6CDC6F08A3E0}.Debug|Any CPU.ActiveCfg = Debug|Any CPU
		{43B7A495-B128-44A3-8955-6CDC6F08A3E0}.Debug|Any CPU.Build.0 = Debug|Any CPU
		{43B7A495-B128-44A3-8955-6CDC6F08A3E0}.Release|Any CPU.ActiveCfg = Release|Any CPU
		{43B7A495-B128-44A3-8955-6CDC6F08A3E0}.Release|Any CPU.Build.0 = Release|Any CPU
		{AE016524-62EA-407B-8FF3-6EA72E3B3FA7}.Debug|Any CPU.ActiveCfg = Debug|Any CPU
		{AE016524-62EA-407B-8FF3-6EA72E3B3FA7}.Debug|Any CPU.Build.0 = Debug|Any CPU
		{AE016524-62EA-407B-8FF3-6EA72E3B3FA7}.Release|Any CPU.ActiveCfg = Release|Any CPU
		{AE016524-62EA-407B-8FF3-6EA72E3B3FA7}.Release|Any CPU.Build.0 = Release|Any CPU
		{A10FF25B-F366-40F1-8C25-F415B2B72086}.Debug|Any CPU.ActiveCfg = Debug|Any CPU
		{A10FF25B-F366-40F1-8C25-F415B2B72086}.Debug|Any CPU.Build.0 = Debug|Any CPU
		{A10FF25B-F366-40F1-8C25-F415B2B72086}.Release|Any CPU.ActiveCfg = Release|Any CPU
		{A10FF25B-F366-40F1-8C25-F415B2B72086}.Release|Any CPU.Build.0 = Release|Any CPU
		{D1DBF6A9-0381-477C-AC86-48F876A1378D}.Debug|Any CPU.ActiveCfg = Debug|Any CPU
		{D1DBF6A9-0381-477C-AC86-48F876A1378D}.Debug|Any CPU.Build.0 = Debug|Any CPU
		{D1DBF6A9-0381-477C-AC86-48F876A1378D}.Release|Any CPU.ActiveCfg = Release|Any CPU
		{D1DBF6A9-0381-477C-AC86-48F876A1378D}.Release|Any CPU.Build.0 = Release|Any CPU
		{58C33FFB-D49F-4D18-909A-242B1B3FC10B}.Debug|Any CPU.ActiveCfg = Debug|Any CPU
		{58C33FFB-D49F-4D18-909A-242B1B3FC10B}.Debug|Any CPU.Build.0 = Debug|Any CPU
		{58C33FFB-D49F-4D18-909A-242B1B3FC10B}.Release|Any CPU.ActiveCfg = Release|Any CPU
		{58C33FFB-D49F-4D18-909A-242B1B3FC10B}.Release|Any CPU.Build.0 = Release|Any CPU
		{FA1232AF-9164-4BBD-97E4-EA28601DE688}.Debug|Any CPU.ActiveCfg = Debug|Any CPU
		{FA1232AF-9164-4BBD-97E4-EA28601DE688}.Debug|Any CPU.Build.0 = Debug|Any CPU
		{FA1232AF-9164-4BBD-97E4-EA28601DE688}.Release|Any CPU.ActiveCfg = Release|Any CPU
		{FA1232AF-9164-4BBD-97E4-EA28601DE688}.Release|Any CPU.Build.0 = Release|Any CPU
		{0CDE29D2-B0C0-421F-A324-EB4881AF4594}.Debug|Any CPU.ActiveCfg = Debug|Any CPU
		{0CDE29D2-B0C0-421F-A324-EB4881AF4594}.Debug|Any CPU.Build.0 = Debug|Any CPU
		{0CDE29D2-B0C0-421F-A324-EB4881AF4594}.Release|Any CPU.ActiveCfg = Release|Any CPU
		{0CDE29D2-B0C0-421F-A324-EB4881AF4594}.Release|Any CPU.Build.0 = Release|Any CPU
		{3C8F94E2-7434-4427-90D7-FF6B28498116}.Debug|Any CPU.ActiveCfg = Debug|Any CPU
		{3C8F94E2-7434-4427-90D7-FF6B28498116}.Debug|Any CPU.Build.0 = Debug|Any CPU
		{3C8F94E2-7434-4427-90D7-FF6B28498116}.Release|Any CPU.ActiveCfg = Release|Any CPU
		{3C8F94E2-7434-4427-90D7-FF6B28498116}.Release|Any CPU.Build.0 = Release|Any CPU
		{30A85539-5960-47A8-8C7F-699B80C0FD1E}.Debug|Any CPU.ActiveCfg = Debug|Any CPU
		{30A85539-5960-47A8-8C7F-699B80C0FD1E}.Debug|Any CPU.Build.0 = Debug|Any CPU
		{30A85539-5960-47A8-8C7F-699B80C0FD1E}.Release|Any CPU.ActiveCfg = Release|Any CPU
		{30A85539-5960-47A8-8C7F-699B80C0FD1E}.Release|Any CPU.Build.0 = Release|Any CPU
		{B44F8715-5692-4D9B-9F2D-3D3417E1BAF4}.Debug|Any CPU.ActiveCfg = Debug|Any CPU
		{B44F8715-5692-4D9B-9F2D-3D3417E1BAF4}.Debug|Any CPU.Build.0 = Debug|Any CPU
		{B44F8715-5692-4D9B-9F2D-3D3417E1BAF4}.Release|Any CPU.ActiveCfg = Release|Any CPU
		{B44F8715-5692-4D9B-9F2D-3D3417E1BAF4}.Release|Any CPU.Build.0 = Release|Any CPU
		{E4005D50-FC6A-4C73-AF4A-E5CCE37F2746}.Debug|Any CPU.ActiveCfg = Debug|Any CPU
		{E4005D50-FC6A-4C73-AF4A-E5CCE37F2746}.Debug|Any CPU.Build.0 = Debug|Any CPU
		{E4005D50-FC6A-4C73-AF4A-E5CCE37F2746}.Release|Any CPU.ActiveCfg = Release|Any CPU
		{E4005D50-FC6A-4C73-AF4A-E5CCE37F2746}.Release|Any CPU.Build.0 = Release|Any CPU
		{8DE0EB98-3226-4E6D-BF6C-5D7B356FF6FB}.Debug|Any CPU.ActiveCfg = Debug|Any CPU
		{8DE0EB98-3226-4E6D-BF6C-5D7B356FF6FB}.Debug|Any CPU.Build.0 = Debug|Any CPU
		{8DE0EB98-3226-4E6D-BF6C-5D7B356FF6FB}.Release|Any CPU.ActiveCfg = Release|Any CPU
		{8DE0EB98-3226-4E6D-BF6C-5D7B356FF6FB}.Release|Any CPU.Build.0 = Release|Any CPU
		{7DD00EC5-2CB4-4059-8D67-A1C328516A6A}.Debug|Any CPU.ActiveCfg = Debug|Any CPU
		{7DD00EC5-2CB4-4059-8D67-A1C328516A6A}.Debug|Any CPU.Build.0 = Debug|Any CPU
		{7DD00EC5-2CB4-4059-8D67-A1C328516A6A}.Release|Any CPU.ActiveCfg = Release|Any CPU
		{7DD00EC5-2CB4-4059-8D67-A1C328516A6A}.Release|Any CPU.Build.0 = Release|Any CPU
		{6BBD6366-7000-4647-A400-D8DF7CEF6C79}.Debug|Any CPU.ActiveCfg = Debug|Any CPU
		{6BBD6366-7000-4647-A400-D8DF7CEF6C79}.Debug|Any CPU.Build.0 = Debug|Any CPU
		{6BBD6366-7000-4647-A400-D8DF7CEF6C79}.Release|Any CPU.ActiveCfg = Release|Any CPU
		{6BBD6366-7000-4647-A400-D8DF7CEF6C79}.Release|Any CPU.Build.0 = Release|Any CPU
		{C927DEFF-D1C4-4BE7-9037-90C72F1BD416}.Debug|Any CPU.ActiveCfg = Debug|Any CPU
		{C927DEFF-D1C4-4BE7-9037-90C72F1BD416}.Debug|Any CPU.Build.0 = Debug|Any CPU
		{C927DEFF-D1C4-4BE7-9037-90C72F1BD416}.Release|Any CPU.ActiveCfg = Release|Any CPU
		{C927DEFF-D1C4-4BE7-9037-90C72F1BD416}.Release|Any CPU.Build.0 = Release|Any CPU
		{FEFD7D6C-DEFD-41A2-ADEA-DB125418960E}.Debug|Any CPU.ActiveCfg = Debug|Any CPU
		{FEFD7D6C-DEFD-41A2-ADEA-DB125418960E}.Debug|Any CPU.Build.0 = Debug|Any CPU
		{FEFD7D6C-DEFD-41A2-ADEA-DB125418960E}.Release|Any CPU.ActiveCfg = Release|Any CPU
		{FEFD7D6C-DEFD-41A2-ADEA-DB125418960E}.Release|Any CPU.Build.0 = Release|Any CPU
		{D4FB7644-002B-41F0-A8E9-8543337B2756}.Debug|Any CPU.ActiveCfg = Debug|Any CPU
		{D4FB7644-002B-41F0-A8E9-8543337B2756}.Debug|Any CPU.Build.0 = Debug|Any CPU
		{D4FB7644-002B-41F0-A8E9-8543337B2756}.Release|Any CPU.ActiveCfg = Release|Any CPU
		{D4FB7644-002B-41F0-A8E9-8543337B2756}.Release|Any CPU.Build.0 = Release|Any CPU
		{59313F7E-703B-422C-A78B-7660E5565634}.Debug|Any CPU.ActiveCfg = Debug|Any CPU
		{59313F7E-703B-422C-A78B-7660E5565634}.Debug|Any CPU.Build.0 = Debug|Any CPU
		{59313F7E-703B-422C-A78B-7660E5565634}.Release|Any CPU.ActiveCfg = Release|Any CPU
		{59313F7E-703B-422C-A78B-7660E5565634}.Release|Any CPU.Build.0 = Release|Any CPU
		{94190875-6627-4B2E-A8AE-B2DE58606CED}.Debug|Any CPU.ActiveCfg = Debug|Any CPU
		{94190875-6627-4B2E-A8AE-B2DE58606CED}.Debug|Any CPU.Build.0 = Debug|Any CPU
		{94190875-6627-4B2E-A8AE-B2DE58606CED}.Release|Any CPU.ActiveCfg = Release|Any CPU
		{94190875-6627-4B2E-A8AE-B2DE58606CED}.Release|Any CPU.Build.0 = Release|Any CPU
		{BC8D56C2-4919-4ED1-957C-8A9D998EB222}.Debug|Any CPU.ActiveCfg = Debug|Any CPU
		{BC8D56C2-4919-4ED1-957C-8A9D998EB222}.Debug|Any CPU.Build.0 = Debug|Any CPU
		{BC8D56C2-4919-4ED1-957C-8A9D998EB222}.Release|Any CPU.ActiveCfg = Release|Any CPU
		{BC8D56C2-4919-4ED1-957C-8A9D998EB222}.Release|Any CPU.Build.0 = Release|Any CPU
		{B29E501D-D675-40FE-91DC-0AB4265CEE32}.Debug|Any CPU.ActiveCfg = Debug|Any CPU
		{B29E501D-D675-40FE-91DC-0AB4265CEE32}.Debug|Any CPU.Build.0 = Debug|Any CPU
		{B29E501D-D675-40FE-91DC-0AB4265CEE32}.Release|Any CPU.ActiveCfg = Release|Any CPU
		{B29E501D-D675-40FE-91DC-0AB4265CEE32}.Release|Any CPU.Build.0 = Release|Any CPU
		{F3C7FD20-062A-493A-B308-A5ED69ED1571}.Debug|Any CPU.ActiveCfg = Debug|Any CPU
		{F3C7FD20-062A-493A-B308-A5ED69ED1571}.Debug|Any CPU.Build.0 = Debug|Any CPU
		{F3C7FD20-062A-493A-B308-A5ED69ED1571}.Release|Any CPU.ActiveCfg = Release|Any CPU
		{F3C7FD20-062A-493A-B308-A5ED69ED1571}.Release|Any CPU.Build.0 = Release|Any CPU
		{CADB547A-01BE-4260-A83B-3BEAA1F07F66}.Debug|Any CPU.ActiveCfg = Debug|Any CPU
		{CADB547A-01BE-4260-A83B-3BEAA1F07F66}.Debug|Any CPU.Build.0 = Debug|Any CPU
		{CADB547A-01BE-4260-A83B-3BEAA1F07F66}.Release|Any CPU.ActiveCfg = Release|Any CPU
		{CADB547A-01BE-4260-A83B-3BEAA1F07F66}.Release|Any CPU.Build.0 = Release|Any CPU
		{C7F63CA4-DA77-4CC3-9E8B-883BBD02BBC6}.Debug|Any CPU.ActiveCfg = Debug|Any CPU
		{C7F63CA4-DA77-4CC3-9E8B-883BBD02BBC6}.Debug|Any CPU.Build.0 = Debug|Any CPU
		{C7F63CA4-DA77-4CC3-9E8B-883BBD02BBC6}.Release|Any CPU.ActiveCfg = Release|Any CPU
		{C7F63CA4-DA77-4CC3-9E8B-883BBD02BBC6}.Release|Any CPU.Build.0 = Release|Any CPU
		{9F659231-1631-48B1-8104-375999E1FFF9}.Debug|Any CPU.ActiveCfg = Debug|Any CPU
		{9F659231-1631-48B1-8104-375999E1FFF9}.Debug|Any CPU.Build.0 = Debug|Any CPU
		{9F659231-1631-48B1-8104-375999E1FFF9}.Release|Any CPU.ActiveCfg = Release|Any CPU
		{9F659231-1631-48B1-8104-375999E1FFF9}.Release|Any CPU.Build.0 = Release|Any CPU
		{9BC201A5-7E73-4FBB-A2B9-4FDD149237F6}.Debug|Any CPU.ActiveCfg = Debug|Any CPU
		{9BC201A5-7E73-4FBB-A2B9-4FDD149237F6}.Debug|Any CPU.Build.0 = Debug|Any CPU
		{9BC201A5-7E73-4FBB-A2B9-4FDD149237F6}.Release|Any CPU.ActiveCfg = Release|Any CPU
		{9BC201A5-7E73-4FBB-A2B9-4FDD149237F6}.Release|Any CPU.Build.0 = Release|Any CPU
		{D89FF9CB-72BF-4258-91C0-84A92423951A}.Debug|Any CPU.ActiveCfg = Debug|Any CPU
		{D89FF9CB-72BF-4258-91C0-84A92423951A}.Debug|Any CPU.Build.0 = Debug|Any CPU
		{D89FF9CB-72BF-4258-91C0-84A92423951A}.Release|Any CPU.ActiveCfg = Release|Any CPU
		{D89FF9CB-72BF-4258-91C0-84A92423951A}.Release|Any CPU.Build.0 = Release|Any CPU
		{1A6EBDF0-9B17-447B-9FF9-810614F98B50}.Debug|Any CPU.ActiveCfg = Debug|Any CPU
		{1A6EBDF0-9B17-447B-9FF9-810614F98B50}.Debug|Any CPU.Build.0 = Debug|Any CPU
		{1A6EBDF0-9B17-447B-9FF9-810614F98B50}.Release|Any CPU.ActiveCfg = Release|Any CPU
		{1A6EBDF0-9B17-447B-9FF9-810614F98B50}.Release|Any CPU.Build.0 = Release|Any CPU
		{B3C464DF-FCB8-4A93-9AD0-797A56FFAF77}.Debug|Any CPU.ActiveCfg = Debug|Any CPU
		{B3C464DF-FCB8-4A93-9AD0-797A56FFAF77}.Debug|Any CPU.Build.0 = Debug|Any CPU
		{B3C464DF-FCB8-4A93-9AD0-797A56FFAF77}.Release|Any CPU.ActiveCfg = Release|Any CPU
		{B3C464DF-FCB8-4A93-9AD0-797A56FFAF77}.Release|Any CPU.Build.0 = Release|Any CPU
		{E5FDC432-E832-4246-967C-E2D07004F87B}.Debug|Any CPU.ActiveCfg = Debug|Any CPU
		{E5FDC432-E832-4246-967C-E2D07004F87B}.Debug|Any CPU.Build.0 = Debug|Any CPU
		{E5FDC432-E832-4246-967C-E2D07004F87B}.Release|Any CPU.ActiveCfg = Release|Any CPU
		{E5FDC432-E832-4246-967C-E2D07004F87B}.Release|Any CPU.Build.0 = Release|Any CPU
		{7C6F62F6-BFB1-4B16-8EED-782D117C72A4}.Debug|Any CPU.ActiveCfg = Debug|Any CPU
		{7C6F62F6-BFB1-4B16-8EED-782D117C72A4}.Debug|Any CPU.Build.0 = Debug|Any CPU
		{7C6F62F6-BFB1-4B16-8EED-782D117C72A4}.Release|Any CPU.ActiveCfg = Release|Any CPU
		{7C6F62F6-BFB1-4B16-8EED-782D117C72A4}.Release|Any CPU.Build.0 = Release|Any CPU
		{E3508B6C-3D12-47ED-9974-8067CB44E5F4}.Debug|Any CPU.ActiveCfg = Debug|Any CPU
		{E3508B6C-3D12-47ED-9974-8067CB44E5F4}.Debug|Any CPU.Build.0 = Debug|Any CPU
		{E3508B6C-3D12-47ED-9974-8067CB44E5F4}.Release|Any CPU.ActiveCfg = Release|Any CPU
		{E3508B6C-3D12-47ED-9974-8067CB44E5F4}.Release|Any CPU.Build.0 = Release|Any CPU
		{C25FEE2D-C76C-4EF0-B3F4-5D6520E61144}.Debug|Any CPU.ActiveCfg = Debug|Any CPU
		{C25FEE2D-C76C-4EF0-B3F4-5D6520E61144}.Debug|Any CPU.Build.0 = Debug|Any CPU
		{C25FEE2D-C76C-4EF0-B3F4-5D6520E61144}.Release|Any CPU.ActiveCfg = Release|Any CPU
		{C25FEE2D-C76C-4EF0-B3F4-5D6520E61144}.Release|Any CPU.Build.0 = Release|Any CPU
		{DAA0DD49-6A2B-4AAA-860F-8CBEADEA0172}.Debug|Any CPU.ActiveCfg = Debug|Any CPU
		{DAA0DD49-6A2B-4AAA-860F-8CBEADEA0172}.Debug|Any CPU.Build.0 = Debug|Any CPU
		{DAA0DD49-6A2B-4AAA-860F-8CBEADEA0172}.Release|Any CPU.ActiveCfg = Release|Any CPU
		{DAA0DD49-6A2B-4AAA-860F-8CBEADEA0172}.Release|Any CPU.Build.0 = Release|Any CPU
		{DB368F75-8E2A-4314-95A6-4EA98999321E}.Debug|Any CPU.ActiveCfg = Debug|Any CPU
		{DB368F75-8E2A-4314-95A6-4EA98999321E}.Debug|Any CPU.Build.0 = Debug|Any CPU
		{DB368F75-8E2A-4314-95A6-4EA98999321E}.Release|Any CPU.ActiveCfg = Release|Any CPU
		{DB368F75-8E2A-4314-95A6-4EA98999321E}.Release|Any CPU.Build.0 = Release|Any CPU
		{842C7DF2-87A4-4C37-AE2F-5FCDAFBF4B1A}.Debug|Any CPU.ActiveCfg = Debug|Any CPU
		{842C7DF2-87A4-4C37-AE2F-5FCDAFBF4B1A}.Debug|Any CPU.Build.0 = Debug|Any CPU
		{842C7DF2-87A4-4C37-AE2F-5FCDAFBF4B1A}.Release|Any CPU.ActiveCfg = Release|Any CPU
		{842C7DF2-87A4-4C37-AE2F-5FCDAFBF4B1A}.Release|Any CPU.Build.0 = Release|Any CPU
	EndGlobalSection
	GlobalSection(SolutionProperties) = preSolution
		HideSolutionNode = FALSE
	EndGlobalSection
	GlobalSection(ExtensibilityGlobals) = postSolution
		SolutionGuid = {063FA68A-39CB-4AD6-80FF-907ACF8DDAFF}
	EndGlobalSection
EndGlobal
